
Microsoft Visual Studio Solution File, Format Version 11.00
# Visual Studio 2010
Project("{FAE04EC0-301F-11D3-BF4B-00C04F79EFBC}") = "Assembly-CSharp-firstpass", "Assembly-CSharp-firstpass.csproj", "{d7166733-2943-32e2-6283-fa11de4f2931}"
EndProject
Project("{FAE04EC0-301F-11D3-BF4B-00C04F79EFBC}") = "Assembly-CSharp", "Assembly-CSharp.csproj", "{f41dcb44-ba2d-08fd-5eb2-b2045ccb7d07}"
EndProject
Project("{FAE04EC0-301F-11D3-BF4B-00C04F79EFBC}") = "Assembly-CSharp-Editor-firstpass", "Assembly-CSharp-Editor-firstpass.csproj", "{625b4545-2470-d440-53ba-8dce6314e930}"
EndProject
Global
	GlobalSection(SolutionConfigurationPlatforms) = preSolution
		Debug|Any CPU = Debug|Any CPU
	EndGlobalSection
	GlobalSection(ProjectConfigurationPlatforms) = postSolution
		{d7166733-2943-32e2-6283-fa11de4f2931}.Debug|Any CPU.ActiveCfg = Debug|Any CPU
		{d7166733-2943-32e2-6283-fa11de4f2931}.Debug|Any CPU.Build.0 = Debug|Any CPU
		{f41dcb44-ba2d-08fd-5eb2-b2045ccb7d07}.Debug|Any CPU.ActiveCfg = Debug|Any CPU
		{f41dcb44-ba2d-08fd-5eb2-b2045ccb7d07}.Debug|Any CPU.Build.0 = Debug|Any CPU
		{625b4545-2470-d440-53ba-8dce6314e930}.Debug|Any CPU.ActiveCfg = Debug|Any CPU
		{625b4545-2470-d440-53ba-8dce6314e930}.Debug|Any CPU.Build.0 = Debug|Any CPU
	EndGlobalSection
	GlobalSection(SolutionProperties) = preSolution
		HideSolutionNode = FALSE
	EndGlobalSection
EndGlobal
